
Microsoft Visual Studio Solution File, Format Version 12.00
Project("{FAE04EC0-301F-11D3-BF4B-00C04F79EFBC}") = "ADOLoader", "ADOLoader\ADOLoader.csproj", "{676E51C5-26CF-4080-8F56-D5683147D979}"
EndProject
Global
	GlobalSection(SolutionConfigurationPlatforms) = preSolution
		Debug|Any CPU = Debug|Any CPU
		Release|Any CPU = Release|Any CPU
	EndGlobalSection
	GlobalSection(ProjectConfigurationPlatforms) = postSolution
		{676E51C5-26CF-4080-8F56-D5683147D979}.Debug|Any CPU.ActiveCfg = Debug|Any CPU
		{676E51C5-26CF-4080-8F56-D5683147D979}.Debug|Any CPU.Build.0 = Debug|Any CPU
		{676E51C5-26CF-4080-8F56-D5683147D979}.Release|Any CPU.ActiveCfg = Release|Any CPU
		{676E51C5-26CF-4080-8F56-D5683147D979}.Release|Any CPU.Build.0 = Release|Any CPU
	EndGlobalSection
EndGlobal
